
Microsoft Visual Studio Solution File, Format Version 12.00
# Visual Studio Version 16
VisualStudioVersion = 16.0.30804.86
MinimumVisualStudioVersion = 10.0.40219.1
Project("{9A19103F-16F7-4668-BE54-9A1E7A4F7556}") = "DomainModel", "Entities\DomainModel\DomainModel.csproj", "{00BAAAAB-0DF4-48ED-AD10-EC8D05E875E8}"
EndProject
Project("{9A19103F-16F7-4668-BE54-9A1E7A4F7556}") = "Application", "UseCases\Application\Application.csproj", "{A8A64028-B5C1-4041-A734-AD8531AEA899}"
EndProject
Project("{9A19103F-16F7-4668-BE54-9A1E7A4F7556}") = "DomainModelUnitTests", "UnitTests\DomainModelUnitTests\DomainModelUnitTests.csproj", "{194F8A46-9CAE-4072-8E2D-87C1E70BE4A6}"
EndProject
Project("{9A19103F-16F7-4668-BE54-9A1E7A4F7556}") = "EmployeeManagement", "EmployeeManagement\EmployeeManagement.csproj", "{CAFD9370-9536-4F70-8BC1-E4FDC3E7A701}"
EndProject
Project("{2150E333-8FDC-42A3-9474-1A3956D46DE8}") = "Solution Items", "Solution Items", "{AB2FA8B5-805E-49A4-B6D9-41CC39C29B5C}"
	ProjectSection(SolutionItems) = preProject
		.editorconfig = .editorconfig
	EndProjectSection
EndProject
Project("{FAE04EC0-301F-11D3-BF4B-00C04F79EFBC}") = "EFCoreInMemory", "Infrastructure\EFCoreInMemory\EFCoreInMemory.csproj", "{E257745F-71D9-4E44-8FD8-3D6667A61C94}"
EndProject
Global
	GlobalSection(SolutionConfigurationPlatforms) = preSolution
		Debug|Any CPU = Debug|Any CPU
		Release|Any CPU = Release|Any CPU
	EndGlobalSection
	GlobalSection(ProjectConfigurationPlatforms) = postSolution
		{00BAAAAB-0DF4-48ED-AD10-EC8D05E875E8}.Debug|Any CPU.ActiveCfg = Debug|Any CPU
		{00BAAAAB-0DF4-48ED-AD10-EC8D05E875E8}.Debug|Any CPU.Build.0 = Debug|Any CPU
		{00BAAAAB-0DF4-48ED-AD10-EC8D05E875E8}.Release|Any CPU.ActiveCfg = Release|Any CPU
		{00BAAAAB-0DF4-48ED-AD10-EC8D05E875E8}.Release|Any CPU.Build.0 = Release|Any CPU
		{A8A64028-B5C1-4041-A734-AD8531AEA899}.Debug|Any CPU.ActiveCfg = Debug|Any CPU
		{A8A64028-B5C1-4041-A734-AD8531AEA899}.Debug|Any CPU.Build.0 = Debug|Any CPU
		{A8A64028-B5C1-4041-A734-AD8531AEA899}.Release|Any CPU.ActiveCfg = Release|Any CPU
		{A8A64028-B5C1-4041-A734-AD8531AEA899}.Release|Any CPU.Build.0 = Release|Any CPU
		{194F8A46-9CAE-4072-8E2D-87C1E70BE4A6}.Debug|Any CPU.ActiveCfg = Debug|Any CPU
		{194F8A46-9CAE-4072-8E2D-87C1E70BE4A6}.Debug|Any CPU.Build.0 = Debug|Any CPU
		{194F8A46-9CAE-4072-8E2D-87C1E70BE4A6}.Release|Any CPU.ActiveCfg = Release|Any CPU
		{194F8A46-9CAE-4072-8E2D-87C1E70BE4A6}.Release|Any CPU.Build.0 = Release|Any CPU
		{CAFD9370-9536-4F70-8BC1-E4FDC3E7A701}.Debug|Any CPU.ActiveCfg = Debug|Any CPU
		{CAFD9370-9536-4F70-8BC1-E4FDC3E7A701}.Debug|Any CPU.Build.0 = Debug|Any CPU
		{CAFD9370-9536-4F70-8BC1-E4FDC3E7A701}.Release|Any CPU.ActiveCfg = Release|Any CPU
		{CAFD9370-9536-4F70-8BC1-E4FDC3E7A701}.Release|Any CPU.Build.0 = Release|Any CPU
		{E257745F-71D9-4E44-8FD8-3D6667A61C94}.Debug|Any CPU.ActiveCfg = Debug|Any CPU
		{E257745F-71D9-4E44-8FD8-3D6667A61C94}.Debug|Any CPU.Build.0 = Debug|Any CPU
		{E257745F-71D9-4E44-8FD8-3D6667A61C94}.Release|Any CPU.ActiveCfg = Release|Any CPU
		{E257745F-71D9-4E44-8FD8-3D6667A61C94}.Release|Any CPU.Build.0 = Release|Any CPU
	EndGlobalSection
	GlobalSection(SolutionProperties) = preSolution
		HideSolutionNode = FALSE
	EndGlobalSection
	GlobalSection(ExtensibilityGlobals) = postSolution
		SolutionGuid = {0326346D-5E70-4DD4-8954-D8F1FA36D72E}
	EndGlobalSection
EndGlobal
